lockfileVersion: '9.0'

settings:
  autoInstallPeers: true
  excludeLinksFromLockfile: false

importers:

  .:
    dependencies:
      uuid:
        specifier: ^10.0.0
        version: 10.0.0
    devDependencies:
      '@biomejs/biome':
        specifier: ^1.9.2
        version: 1.9.2
      '@tsconfig/node20':
        specifier: ^20.1.4
        version: 20.1.4
      '@types/bun':
        specifier: ^1.1.10
        version: 1.1.10
      '@types/node':
        specifier: ^22.7.4
        version: 22.7.4
      '@types/uuid':
        specifier: ^10.0.0
        version: 10.0.0
      bun:
        specifier: ^1.1.29
        version: 1.1.29
      bun-types:
        specifier: ^1.1.29
        version: 1.1.29
      typescript:
        specifier: ^5.6.2
        version: 5.6.2

packages:

  '@biomejs/biome@1.9.2':
    resolution: {integrity: sha512-4j2Gfwft8Jqp1X0qLYvK4TEy4xhTo4o6rlvJPsjPeEame8gsmbGQfOPBkw7ur+7/Z/f0HZmCZKqbMvR7vTXQYQ==}
    engines: {node: '>=14.21.3'}
    hasBin: true

  '@biomejs/cli-darwin-arm64@1.9.2':
    resolution: {integrity: sha512-rbs9uJHFmhqB3Td0Ro+1wmeZOHhAPTL3WHr8NtaVczUmDhXkRDWScaxicG9+vhSLj1iLrW47itiK6xiIJy6vaA==}
    engines: {node: '>=14.21.3'}
    cpu: [arm64]
    os: [darwin]

  '@biomejs/cli-darwin-x64@1.9.2':
    resolution: {integrity: sha512-BlfULKijNaMigQ9GH9fqJVt+3JTDOSiZeWOQtG/1S1sa8Lp046JHG3wRJVOvekTPL9q/CNFW1NVG8J0JN+L1OA==}
    engines: {node: '>=14.21.3'}
    cpu: [x64]
    os: [darwin]

  '@biomejs/cli-linux-arm64-musl@1.9.2':
    resolution: {integrity: sha512-ZATvbUWhNxegSALUnCKWqetTZqrK72r2RsFD19OK5jXDj/7o1hzI1KzDNG78LloZxftrwr3uI9SqCLh06shSZw==}
    engines: {node: '>=14.21.3'}
    cpu: [arm64]
    os: [linux]

  '@biomejs/cli-linux-arm64@1.9.2':
    resolution: {integrity: sha512-T8TJuSxuBDeQCQzxZu2o3OU4eyLumTofhCxxFd3+aH2AEWVMnH7Z/c3QP1lHI5RRMBP9xIJeMORqDQ5j+gVZzw==}
    engines: {node: '>=14.21.3'}
    cpu: [arm64]
    os: [linux]

  '@biomejs/cli-linux-x64-musl@1.9.2':
    resolution: {integrity: sha512-CjPM6jT1miV5pry9C7qv8YJk0FIZvZd86QRD3atvDgfgeh9WQU0k2Aoo0xUcPdTnoz0WNwRtDicHxwik63MmSg==}
    engines: {node: '>=14.21.3'}
    cpu: [x64]
    os: [linux]

  '@biomejs/cli-linux-x64@1.9.2':
    resolution: {integrity: sha512-T0cPk3C3Jr2pVlsuQVTBqk2qPjTm8cYcTD9p/wmR9MeVqui1C/xTVfOIwd3miRODFMrJaVQ8MYSXnVIhV9jTjg==}
    engines: {node: '>=14.21.3'}
    cpu: [x64]
    os: [linux]

  '@biomejs/cli-win32-arm64@1.9.2':
    resolution: {integrity: sha512-2x7gSty75bNIeD23ZRPXyox6Z/V0M71ObeJtvQBhi1fgrvPdtkEuw7/0wEHg6buNCubzOFuN9WYJm6FKoUHfhg==}
    engines: {node: '>=14.21.3'}
    cpu: [arm64]
    os: [win32]

  '@biomejs/cli-win32-x64@1.9.2':
    resolution: {integrity: sha512-JC3XvdYcjmu1FmAehVwVV0SebLpeNTnO2ZaMdGCSOdS7f8O9Fq14T2P1gTG1Q29Q8Dt1S03hh0IdVpIZykOL8g==}
    engines: {node: '>=14.21.3'}
    cpu: [x64]
    os: [win32]

  '@oven/bun-darwin-aarch64@1.1.29':
    resolution: {integrity: sha512-Z8WnrXoAXg6ENU6z+Mil94oipMBMliJIj4XWWqjNC33/ZGPqMdPT5MbFQjbdHjxe5bRBW/aHaMU3G35fGx9Seg==}
    cpu: [arm64]
    os: [darwin]

  '@oven/bun-darwin-x64-baseline@1.1.29':
    resolution: {integrity: sha512-B+zKlJR+3ANPDU+vNjvXaqgB63hYcCk16/k45hiInvIsDXfSdDn4+LMHwZTFdfUWTCGbNMFg9u4bZCtK0nhMDw==}
    cpu: [x64]
    os: [darwin]

  '@oven/bun-darwin-x64@1.1.29':
    resolution: {integrity: sha512-tDHDR+OWLCKEP0xE8IGCWRxSsxO5tr3rvyrSzy6CXYkoWPz66kODbtbGfWl8HSwunrQxJKnE2L9LWX2Eiz3Cpw==}
    cpu: [x64]
    os: [darwin]

  '@oven/bun-linux-aarch64@1.1.29':
    resolution: {integrity: sha512-BuV2Gni+FaMo1r7+3vLjefQYtQcWE01zJJ4zCjyzikP1L4r6PUaLeJyKXbqF6sIR0cLjG6LWj66EGskakDyvWA==}
    cpu: [arm64]
    os: [linux]

  '@oven/bun-linux-x64-baseline@1.1.29':
    resolution: {integrity: sha512-tQhm1SDyymBvc2L3zIN7FI+sI3g9gxavDYuvL/Lz17nEk1oqP5DFE2lF9QWJMDdQL3XQKH/drI27yNpfPHgAPw==}
    cpu: [x64]
    os: [linux]

  '@oven/bun-linux-x64@1.1.29':
    resolution: {integrity: sha512-JVLiTafybuOFIeC80mZEzHdkOCCzlOtOV5zCbvYAIb7D3SM64fNBwrR0dvDkJTQtsjbwt8YeVFN2YRSI/wlFkw==}
    cpu: [x64]
    os: [linux]

  '@oven/bun-windows-x64-baseline@1.1.29':
    resolution: {integrity: sha512-+QWT8Kp+3Sl54QUa6uBsDzQlX11thMMVAw+yUwSRU4Y5FVSN8RPuxhN8ijJ1QGm1KOYA2sCI6V+3lyNMNmRvAA==}
    cpu: [x64]
    os: [win32]

  '@oven/bun-windows-x64@1.1.29':
    resolution: {integrity: sha512-d930+pSkNVHPJJBryIh1gsAKk7lp1HzcktFe0bfxwmpHwjj4BiVfMjU1YaCnsdWKNs2Nv1Y1PLVDNyUCQVfo0Q==}
    cpu: [x64]
    os: [win32]

  '@tsconfig/node20@20.1.4':
    resolution: {integrity: sha512-sqgsT69YFeLWf5NtJ4Xq/xAF8p4ZQHlmGW74Nu2tD4+g5fAsposc4ZfaaPixVu4y01BEiDCWLRDCvDM5JOsRxg==}

  '@types/bun@1.1.10':
    resolution: {integrity: sha512-76KYVSwrHwr9zsnk6oLXOGs9KvyBg3U066GLO4rk6JZk1ypEPGCUDZ5yOiESyIHWs9cx9iC8r01utYN32XdmgA==}

  '@types/node@20.12.14':
    resolution: {integrity: sha512-scnD59RpYD91xngrQQLGkE+6UrHUPzeKZWhhjBSa3HSkwjbQc38+q3RoIVEwxQGRw3M+j5hpNAM+lgV3cVormg==}

  '@types/node@22.7.4':
    resolution: {integrity: sha512-y+NPi1rFzDs1NdQHHToqeiX2TIS79SWEAw9GYhkkx8bD0ChpfqC+n2j5OXOCpzfojBEBt6DnEnnG9MY0zk1XLg==}

  '@types/uuid@10.0.0':
    resolution: {integrity: sha512-7gqG38EyHgyP1S+7+xomFtL+ZNHcKv6DwNaCZmJmo1vgMugyF3TCnXVg4t1uk89mLNwnLtnY3TpOpCOyp1/xHQ==}

  '@types/ws@8.5.12':
    resolution: {integrity: sha512-3tPRkv1EtkDpzlgyKyI8pGsGZAGPEaXeu0DOj5DI25Ja91bdAYddYHbADRYVrZMRbfW+1l5YwXVDKohDJNQxkQ==}

  bun-types@1.1.29:
    resolution: {integrity: sha512-En3/TzSPMPyl5UlUB1MHzHpcrZDakTm7mS203eLoX1fBoEa3PW+aSS8GAqVJ7Is/m34Z5ogL+ECniLY0uDaCPw==}

  bun@1.1.29:
    resolution: {integrity: sha512-SKhpyKNZtgxrVel9ec9xon3LDv8mgpiuFhARgcJo1YIbggY2PBrKHRNiwQ6Qlb+x3ivmRurfuwWgwGexjpgBRg==}
    os: [darwin, linux, win32]
    hasBin: true

  typescript@5.6.2:
    resolution: {integrity: sha512-NW8ByodCSNCwZeghjN3o+JX5OFH0Ojg6sadjEKY4huZ52TqbJTJnDo5+Tw98lSy63NZvi4n+ez5m2u5d4PkZyw==}
    engines: {node: '>=14.17'}
    hasBin: true

  undici-types@5.26.5:
    resolution: {integrity: sha512-JlCMO+ehdEIKqlFxk6IfVoAUVmgz7cU7zD/h9XZ0qzeosSHmUJVOzSQvvYSYWXkFXC+IfLKSIffhv0sVZup6pA==}

  undici-types@6.19.8:
    resolution: {integrity: sha512-ve2KP6f/JnbPBFyobGHuerC9g1FYGn/F8n1LWTwNxCEzd6IfqTwUQcNXgEtmmQ6DlRrC1hrSrBnCZPokRrDHjw==}

  uuid@10.0.0:
    resolution: {integrity: sha512-8XkAphELsDnEGrDxUOHB3RGvXz6TeuYSGEZBOjtTtPm2lwhGBjLgOzLHB63IUWfBpNucQjND6d3AOudO+H3RWQ==}
    hasBin: true

snapshots:

  '@biomejs/biome@1.9.2':
    optionalDependencies:
      '@biomejs/cli-darwin-arm64': 1.9.2
      '@biomejs/cli-darwin-x64': 1.9.2
      '@biomejs/cli-linux-arm64': 1.9.2
      '@biomejs/cli-linux-arm64-musl': 1.9.2
      '@biomejs/cli-linux-x64': 1.9.2
      '@biomejs/cli-linux-x64-musl': 1.9.2
      '@biomejs/cli-win32-arm64': 1.9.2
      '@biomejs/cli-win32-x64': 1.9.2

  '@biomejs/cli-darwin-arm64@1.9.2':
    optional: true

  '@biomejs/cli-darwin-x64@1.9.2':
    optional: true

  '@biomejs/cli-linux-arm64-musl@1.9.2':
    optional: true

  '@biomejs/cli-linux-arm64@1.9.2':
    optional: true

  '@biomejs/cli-linux-x64-musl@1.9.2':
    optional: true

  '@biomejs/cli-linux-x64@1.9.2':
    optional: true

  '@biomejs/cli-win32-arm64@1.9.2':
    optional: true

  '@biomejs/cli-win32-x64@1.9.2':
    optional: true

  '@oven/bun-darwin-aarch64@1.1.29':
    optional: true

  '@oven/bun-darwin-x64-baseline@1.1.29':
    optional: true

  '@oven/bun-darwin-x64@1.1.29':
    optional: true

  '@oven/bun-linux-aarch64@1.1.29':
    optional: true

  '@oven/bun-linux-x64-baseline@1.1.29':
    optional: true

  '@oven/bun-linux-x64@1.1.29':
    optional: true

  '@oven/bun-windows-x64-baseline@1.1.29':
    optional: true

  '@oven/bun-windows-x64@1.1.29':
    optional: true

  '@tsconfig/node20@20.1.4': {}

  '@types/bun@1.1.10':
    dependencies:
      bun-types: 1.1.29

  '@types/node@20.12.14':
    dependencies:
      undici-types: 5.26.5

  '@types/node@22.7.4':
    dependencies:
      undici-types: 6.19.8

  '@types/uuid@10.0.0': {}

  '@types/ws@8.5.12':
    dependencies:
      '@types/node': 22.7.4

  bun-types@1.1.29:
    dependencies:
      '@types/node': 20.12.14
      '@types/ws': 8.5.12

  bun@1.1.29:
    optionalDependencies:
      '@oven/bun-darwin-aarch64': 1.1.29
      '@oven/bun-darwin-x64': 1.1.29
      '@oven/bun-darwin-x64-baseline': 1.1.29
      '@oven/bun-linux-aarch64': 1.1.29
      '@oven/bun-linux-x64': 1.1.29
      '@oven/bun-linux-x64-baseline': 1.1.29
      '@oven/bun-windows-x64': 1.1.29
      '@oven/bun-windows-x64-baseline': 1.1.29

  typescript@5.6.2: {}

  undici-types@5.26.5: {}

  undici-types@6.19.8: {}

  uuid@10.0.0: {}
